// !$*UTF8*$!
{
	archiveVersion = 1;
	classes = {
	};
	objectVersion = 50;
	objects = {

/* Begin PBXBuildFile section */
		9DDCC66221E7E005004FAEC9 /* AppDelegate.swift in Sources */ = {isa = PBXBuildFile; fileRef = 9DDCC66121E7E005004FAEC9 /* AppDelegate.swift */; };
		9DDCC66421E7E005004FAEC9 /* ViewController.swift in Sources */ = {isa = PBXBuildFile; fileRef = 9DDCC66321E7E005004FAEC9 /* ViewController.swift */; };
		9DDCC66721E7E005004FAEC9 /* Main.storyboard in Resources */ = {isa = PBXBuildFile; fileRef = 9DDCC66521E7E005004FAEC9 /* Main.storyboard */; };
		9DDCC66921E7E006004FAEC9 /* Assets.xcassets in Resources */ = {isa = PBXBuildFile; fileRef = 9DDCC66821E7E006004FAEC9 /* Assets.xcassets */; };
		9DDCC66C21E7E006004FAEC9 /* LaunchScreen.storyboard in Resources */ = {isa = PBXBuildFile; fileRef = 9DDCC66A21E7E006004FAEC9 /* LaunchScreen.storyboard */; };
		9DDCC67721E7E006004FAEC9 /* Hackwich1Tests.swift in Sources */ = {isa = PBXBuildFile; fileRef = 9DDCC67621E7E006004FAEC9 /* Hackwich1Tests.swift */; };
/* End PBXBuildFile section */

/* Begin PBXContainerItemProxy section */
		9DDCC67321E7E006004FAEC9 /* PBXContainerItemProxy */ = {
			isa = PBXContainerItemProxy;
			containerPortal = 9DDCC65621E7E005004FAEC9 /* Project object */;
			proxyType = 1;
			remoteGlobalIDString = 9DDCC65D21E7E005004FAEC9;
			remoteInfo = Hackwich1;
		};
/* End PBXContainerItemProxy section */

/* Begin PBXFileReference section */
		9DDCC65E21E7E005004FAEC9 /* Hackwich1.app */ = {isa = PBXFileReference; explicitFileType = wrapper.application; includeInIndex = 0; path = Hackwich1.app; sourceTree = BUILT_PRODUCTS_DIR; };
		9DDCC66121E7E005004FAEC9 /* AppDelegate.swift */ = {isa = PBXFileReference; lastKnownFileType = sourcecode.swift; path = AppDelegate.swift; sourceTree = "<group>"; };
		9DDCC66321E7E005004FAEC9 /* ViewController.swift */ = {isa = PBXFileReference; lastKnownFileType = sourcecode.swift; path = ViewController.swift; sourceTree = "<group>"; };
		9DDCC66621E7E005004FAEC9 /* Base */ = {isa = PBXFileReference; lastKnownFileType = file.storyboard; name = Base; path = Base.lproj/Main.storyboard; sourceTree = "<group>"; };
		9DDCC66821E7E006004FAEC9 /* Assets.xcassets */ = {isa = PBXFileReference; lastKnownFileType = folder.assetcatalog; path = Assets.xcassets; sourceTree = "<group>"; };
		9DDCC66B21E7E006004FAEC9 /* Base */ = {isa = PBXFileReference; lastKnownFileType = file.storyboard; name = Base; path = Base.lproj/LaunchScreen.storyboard; sourceTree = "<group>"; };
		9DDCC66D21E7E006004FAEC9 /* Info.plist */ = {isa = PBXFileReference; lastKnownFileType = text.plist.xml; path = Info.plist; sourceTree = "<group>"; };
		9DDCC67221E7E006004FAEC9 /* Hackwich1Tests.xctest */ = {isa = PBXFileReference; explicitFileType = wrapper.cfbundle; includeInIndex = 0; path = Hackwich1Tests.xctest; sourceTree = BUILT_PRODUCTS_DIR; };
		9DDCC67621E7E006004FAEC9 /* Hackwich1Tests.swift */ = {isa = PBXFileReference; lastKnownFileType = sourcecode.swift; path = Hackwich1Tests.swift; sourceTree = "<group>"; };
		9DDCC67821E7E006004FAEC9 /* Info.plist */ = {isa = PBXFileReference; lastKnownFileType = text.plist.xml; path = Info.plist; sourceTree = "<group>"; };
/* End PBXFileReference section */

/* Begin PBXFrameworksBuildPhase section */
		9DDCC65B21E7E005004FAEC9 /* Frameworks */ = {
			isa = PBXFrameworksBuildPhase;
			buildActionMask = 2147483647;
			files = (
			);
			runOnlyForDeploymentPostprocessing = 0;
		};
		9DDCC66F21E7E006004FAEC9 /* Frameworks */ = {
			isa = PBXFrameworksBuildPhase;
			buildActionMask = 2147483647;
			files = (
			);
			runOnlyForDeploymentPostprocessing = 0;
		};
/* End PBXFrameworksBuildPhase section */

/* Begin PBXGroup section */
		9DDCC65521E7E005004FAEC9 = {
			isa = PBXGroup;
			children = (
				9DDCC66021E7E005004FAEC9 /* Hackwich1 */,
				9DDCC67521E7E006004FAEC9 /* Hackwich1Tests */,
				9DDCC65F21E7E005004FAEC9 /* Products */,
			);
			sourceTree = "<group>";
		};
		9DDCC65F21E7E005004FAEC9 /* Products */ = {
			isa = PBXGroup;
			children = (
				9DDCC65E21E7E005004FAEC9 /* Hackwich1.app */,
				9DDCC67221E7E006004FAEC9 /* Hackwich1Tests.xctest */,
			);
			name = Products;
			sourceTree = "<group>";
		};
		9DDCC66021E7E005004FAEC9 /* Hackwich1 */ = {
			isa = PBXGroup;
			children = (
				9DDCC66121E7E005004FAEC9 /* AppDelegate.swift */,
				9DDCC66321E7E005004FAEC9 /* ViewController.swift */,
				9DDCC66521E7E005004FAEC9 /* Main.storyboard */,
				9DDCC66821E7E006004FAEC9 /* Assets.xcassets */,
				9DDCC66A21E7E006004FAEC9 /* LaunchScreen.storyboard */,
				9DDCC66D21E7E006004FAEC9 /* Info.plist */,
			);
			path = Hackwich1;
			sourceTree = "<group>";
		};
		9DDCC67521E7E006004FAEC9 /* Hackwich1Tests */ = {
			isa = PBXGroup;
			children = (
				9DDCC67621E7E006004FAEC9 /* Hackwich1Tests.swift */,
				9DDCC67821E7E006004FAEC9 /* Info.plist */,
			);
			path = Hackwich1Tests;
			sourceTree = "<group>";
		};
/* End PBXGroup section */

/* Begin PBXNativeTarget section */
		9DDCC65D21E7E005004FAEC9 /* Hackwich1 */ = {
			isa = PBXNativeTarget;
			buildConfigurationList = 9DDCC67B21E7E006004FAEC9 /* Build configuration list for PBXNativeTarget "Hackwich1" */;
			buildPhases = (
				9DDCC65A21E7E005004FAEC9 /* Sources */,
				9DDCC65B21E7E005004FAEC9 /* Frameworks */,
				9DDCC65C21E7E005004FAEC9 /* Resources */,
			);
			buildRules = (
			);
			dependencies = (
			);
			name = Hackwich1;
			productName = Hackwich1;
			productReference = 9DDCC65E21E7E005004FAEC9 /* Hackwich1.app */;
			productType = "com.apple.product-type.application";
		};
		9DDCC67121E7E006004FAEC9 /* Hackwich1Tests */ = {
			isa = PBXNativeTarget;
			buildConfigurationList = 9DDCC67E21E7E006004FAEC9 /* Build configuration list for PBXNativeTarget "Hackwich1Tests" */;
			buildPhases = (
				9DDCC66E21E7E006004FAEC9 /* Sources */,
				9DDCC66F21E7E006004FAEC9 /* Frameworks */,
				9DDCC67021E7E006004FAEC9 /* Resources */,
			);
			buildRules = (
			);
			dependencies = (
				9DDCC67421E7E006004FAEC9 /* PBXTargetDependency */,
			);
			name = Hackwich1Tests;
			productName = Hackwich1Tests;
			productReference = 9DDCC67221E7E006004FAEC9 /* Hackwich1Tests.xctest */;
			productType = "com.apple.product-type.bundle.unit-test";
		};
/* End PBXNativeTarget section */

/* Begin PBXProject section */
		9DDCC65621E7E005004FAEC9 /* Project object */ = {
			isa = PBXProject;
			attributes = {
				LastSwiftUpdateCheck = 1010;
				LastUpgradeCheck = 1010;
				ORGANIZATIONNAME = "Ari Keliiholokai";
				TargetAttributes = {
					9DDCC65D21E7E005004FAEC9 = {
						CreatedOnToolsVersion = 10.1;
					};
					9DDCC67121E7E006004FAEC9 = {
						CreatedOnToolsVersion = 10.1;
						TestTargetID = 9DDCC65D21E7E005004FAEC9;
					};
				};
			};
			buildConfigurationList = 9DDCC65921E7E005004FAEC9 /* Build configuration list for PBXProject "Hackwich1" */;
			compatibilityVersion = "Xcode 9.3";
			developmentRegion = en;
			hasScannedForEncodings = 0;
			knownRegions = (
				en,
				Base,
			);
			mainGroup = 9DDCC65521E7E005004FAEC9;
			productRefGroup = 9DDCC65F21E7E005004FAEC9 /* Products */;
			projectDirPath = "";
			projectRoot = "";
			targets = (
				9DDCC65D21E7E005004FAEC9 /* Hackwich1 */,
				9DDCC67121E7E006004FAEC9 /* Hackwich1Tests */,
			);
		};
/* End PBXProject section */

/* Begin PBXResourcesBuildPhase section */
		9DDCC65C21E7E005004FAEC9 /* Resources */ = {
			isa = PBXResourcesBuildPhase;
			buildActionMask = 2147483647;
			files = (
				9DDCC66C21E7E006004FAEC9 /* LaunchScreen.storyboard in Resources */,
				9DDCC66921E7E006004FAEC9 /* Assets.xcassets in Resources */,
				9DDCC66721E7E005004FAEC9 /* Main.storyboard in Resources */,
			);
			runOnlyForDeploymentPostprocessing = 0;
		};
		9DDCC67021E7E006004FAEC9 /* Resources */ = {
			isa = PBXResourcesBuildPhase;
			buildActionMask = 2147483647;
			files = (
			);
			runOnlyForDeploymentPostprocessing = 0;
		};
/* End PBXResourcesBuildPhase section */

/* Begin PBXSourcesBuildPhase section */
		9DDCC65A21E7E005004FAEC9 /* Sources */ = {
			isa = PBXSourcesBuildPhase;
			buildActionMask = 2147483647;
			files = (
				9DDCC66421E7E005004FAEC9 /* ViewController.swift in Sources */,
				9DDCC66221E7E005004FAEC9 /* AppDelegate.swift in Sources */,
			);
			runOnlyForDeploymentPostprocessing = 0;
		};
		9DDCC66E21E7E006004FAEC9 /* Sources */ = {
			isa = PBXSourcesBuildPhase;
			buildActionMask = 2147483647;
			files = (
				9DDCC67721E7E006004FAEC9 /* Hackwich1Tests.swift in Sources */,
			);
			runOnlyForDeploymentPostprocessing = 0;
		};
/* End PBXSourcesBuildPhase section */

/* Begin PBXTargetDependency section */
		9DDCC67421E7E006004FAEC9 /* PBXTargetDependency */ = {
			isa = PBXTargetDependency;
			target = 9DDCC65D21E7E005004FAEC9 /* Hackwich1 */;
			targetProxy = 9DDCC67321E7E006004FAEC9 /* PBXContainerItemProxy */;
		};
/* End PBXTargetDependency section */

/* Begin PBXVariantGroup section */
		9DDCC66521E7E005004FAEC9 /* Main.storyboard */ = {
			isa = PBXVariantGroup;
			children = (
				9DDCC66621E7E005004FAEC9 /* Base */,
			);
			name = Main.storyboard;
			sourceTree = "<group>";
		};
		9DDCC66A21E7E006004FAEC9 /* LaunchScreen.storyboard */ = {
			isa = PBXVariantGroup;
			children = (
				9DDCC66B21E7E006004FAEC9 /* Base */,
			);
			name = LaunchScreen.storyboard;
			sourceTree = "<group>";
		};
/* End PBXVariantGroup section */

/* Begin XCBuildConfiguration section */
		9DDCC67921E7E006004FAEC9 /* Debug */ = {
			isa = XCBuildConfiguration;
			buildSettings = {
				ALWAYS_SEARCH_USER_PATHS = NO;
				CLANG_ANALYZER_NONNULL = YES;
				CLANG_ANALYZER_NUMBER_OBJECT_CONVERSION = YES_AGGRESSIVE;
				CLANG_CXX_LANGUAGE_STANDARD = "gnu++14";
				CLANG_CXX_LIBRARY = "libc++";
				CLANG_ENABLE_MODULES = YES;
				CLANG_ENABLE_OBJC_ARC = YES;
				CLANG_ENABLE_OBJC_WEAK = YES;
				CLANG_WARN_BLOCK_CAPTURE_AUTORELEASING = YES;
				CLANG_WARN_BOOL_CONVERSION = YES;
				CLANG_WARN_COMMA = YES;
				CLANG_WARN_CONSTANT_CONVERSION = YES;
				CLANG_WARN_DEPRECATED_OBJC_IMPLEMENTATIONS = YES;
				CLANG_WARN_DIRECT_OBJC_ISA_USAGE = YES_ERROR;
				CLANG_WARN_DOCUMENTATION_COMMENTS = YES;
				CLANG_WARN_EMPTY_BODY = YES;
				CLANG_WARN_ENUM_CONVERSION = YES;
				CLANG_WARN_INFINITE_RECURSION = YES;
				CLANG_WARN_INT_CONVERSION = YES;
				CLANG_WARN_NON_LITERAL_NULL_CONVERSION = YES;
				CLANG_WARN_OBJC_IMPLICIT_RETAIN_SELF = YES;
				CLANG_WARN_OBJC_LITERAL_CONVERSION = YES;
				CLANG_WARN_OBJC_ROOT_CLASS = YES_ERROR;
				CLANG_WARN_RANGE_LOOP_ANALYSIS = YES;
				CLANG_WARN_STRICT_PROTOTYPES = YES;
				CLANG_WARN_SUSPICIOUS_MOVE = YES;
				CLANG_WARN_UNGUARDED_AVAILABILITY = YES_AGGRESSIVE;
				CLANG_WARN_UNREACHABLE_CODE = YES;
				CLANG_WARN__DUPLICATE_METHOD_MATCH = YES;
				CODE_SIGN_IDENTITY = "iPhone Developer";
				COPY_PHASE_STRIP = NO;
				DEBUG_INFORMATION_FORMAT = dwarf;
				ENABLE_STRICT_OBJC_MSGSEND = YES;
				ENABLE_TESTABILITY = YES;
				GCC_C_LANGUAGE_STANDARD = gnu11;
				GCC_DYNAMIC_NO_PIC = NO;
				GCC_NO_COMMON_BLOCKS = YES;
				GCC_OPTIMIZATION_LEVEL = 0;
				GCC_PREPROCESSOR_DEFINITIONS = (
					"DEBUG=1",
					"$(inherited)",
				);
				GCC_WARN_64_TO_32_BIT_CONVERSION = YES;
				GCC_WARN_ABOUT_RETURN_TYPE = YES_ERROR;
				GCC_WARN_UNDECLARED_SELECTOR = YES;
				GCC_WARN_UNINITIALIZED_AUTOS = YES_AGGRESSIVE;
				GCC_WARN_UNUSED_FUNCTION = YES;
				GCC_WARN_UNUSED_VARIABLE = YES;
				IPHONEOS_DEPLOYMENT_TARGET = 12.1;
				MTL_ENABLE_DEBUG_INFO = INCLUDE_SOURCE;
				MTL_FAST_MATH = YES;
				ONLY_ACTIVE_ARCH = YES;
				SDKROOT = iphoneos;
				SWIFT_ACTIVE_COMPILATION_CONDITIONS = DEBUG;
				SWIFT_OPTIMIZATION_LEVEL = "-Onone";
			};
			name = Debug;
		};
		9DDCC67A21E7E006004FAEC9 /* Release */ = {
			isa = XCBuildConfiguration;
			buildSettings = {
				ALWAYS_SEARCH_USER_PATHS = NO;
				CLANG_ANALYZER_NONNULL = YES;
				CLANG_ANALYZER_NUMBER_OBJECT_CONVERSION = YES_AGGRESSIVE;
				CLANG_CXX_LANGUAGE_STANDARD = "gnu++14";
				CLANG_CXX_LIBRARY = "libc++";
				CLANG_ENABLE_MODULES = YES;
				CLANG_ENABLE_OBJC_ARC = YES;
				CLANG_ENABLE_OBJC_WEAK = YES;
				CLANG_WARN_BLOCK_CAPTURE_AUTORELEASING = YES;
				CLANG_WARN_BOOL_CONVERSION = YES;
				CLANG_WARN_COMMA = YES;
				CLANG_WARN_CONSTANT_CONVERSION = YES;
				CLANG_WARN_DEPRECATED_OBJC_IMPLEMENTATIONS = YES;
				CLANG_WARN_DIRECT_OBJC_ISA_USAGE = YES_ERROR;
				CLANG_WARN_DOCUMENTATION_COMMENTS = YES;
				CLANG_WARN_EMPTY_BODY = YES;
				CLANG_WARN_ENUM_CONVERSION = YES;
				CLANG_WARN_INFINITE_RECURSION = YES;
				CLANG_WARN_INT_CONVERSION = YES;
				CLANG_WARN_NON_LITERAL_NULL_CONVERSION = YES;
				CLANG_WARN_OBJC_IMPLICIT_RETAIN_SELF = YES;
				CLANG_WARN_OBJC_LITERAL_CONVERSION = YES;
				CLANG_WARN_OBJC_ROOT_CLASS = YES_ERROR;
				CLANG_WARN_RANGE_LOOP_ANALYSIS = YES;
				CLANG_WARN_STRICT_PROTOTYPES = YES;
				CLANG_WARN_SUSPICIOUS_MOVE = YES;
				CLANG_WARN_UNGUARDED_AVAILABILITY = YES_AGGRESSIVE;
				CLANG_WARN_UNREACHABLE_CODE = YES;
				CLANG_WARN__DUPLICATE_METHOD_MATCH = YES;
				CODE_SIGN_IDENTITY = "iPhone Developer";
				COPY_PHASE_STRIP = NO;
				DEBUG_INFORMATION_FORMAT = "dwarf-with-dsym";
				ENABLE_NS_ASSERTIONS = NO;
				ENABLE_STRICT_OBJC_MSGSEND = YES;
				GCC_C_LANGUAGE_STANDARD = gnu11;
				GCC_NO_COMMON_BLOCKS = YES;
				GCC_WARN_64_TO_32_BIT_CONVERSION = YES;
				GCC_WARN_ABOUT_RETURN_TYPE = YES_ERROR;
				GCC_WARN_UNDECLARED_SELECTOR = YES;
				GCC_WARN_UNINITIALIZED_AUTOS = YES_AGGRESSIVE;
				GCC_WARN_UNUSED_FUNCTION = YES;
				GCC_WARN_UNUSED_VARIABLE = YES;
				IPHONEOS_DEPLOYMENT_TARGET = 12.1;
				MTL_ENABLE_DEBUG_INFO = NO;
				MTL_FAST_MATH = YES;
				SDKROOT = iphoneos;
				SWIFT_COMPILATION_MODE = wholemodule;
				SWIFT_OPTIMIZATION_LEVEL = "-O";
				VALIDATE_PRODUCT = YES;
			};
			name = Release;
		};
		9DDCC67C21E7E006004FAEC9 /* Debug */ = {
			isa = XCBuildConfiguration;
			buildSettings = {
				ASSETCATALOG_COMPILER_APPICON_NAME = AppIcon;
				CODE_SIGN_STYLE = Automatic;
				DEVELOPMENT_TEAM = NG839A3MPC;
				INFOPLIST_FILE = Hackwich1/Info.plist;
				LD_RUNPATH_SEARCH_PATHS = (
					"$(inherited)",
					"@executable_path/Frameworks",
				);
				PRODUCT_BUNDLE_IDENTIFIER = UHWO.Hackwich1;
				PRODUCT_NAME = "$(TARGET_NAME)";
				SWIFT_VERSION = 4.2;
				TARGETED_DEVICE_FAMILY = "1,2";
			};
			name = Debug;
		};
		9DDCC67D21E7E006004FAEC9 /* Release */ = {
			isa = XCBuildConfiguration;
			buildSettings = {
				ASSETCATALOG_COMPILER_APPICON_NAME = AppIcon;
				CODE_SIGN_STYLE = Automatic;
				DEVELOPMENT_TEAM = NG839A3MPC;
				INFOPLIST_FILE = Hackwich1/Info.plist;
				LD_RUNPATH_SEARCH_PATHS = (
					"$(inherited)",
					"@executable_path/Frameworks",
				);
				PRODUCT_BUNDLE_IDENTIFIER = UHWO.Hackwich1;
				PRODUCT_NAME = "$(TARGET_NAME)";
				SWIFT_VERSION = 4.2;
				TARGETED_DEVICE_FAMILY = "1,2";
			};
			name = Release;
		};
		9DDCC67F21E7E006004FAEC9 /* Debug */ = {
			isa = XCBuildConfiguration;
			buildSettings = {
				ALWAYS_EMBED_SWIFT_STANDARD_LIBRARIES = YES;
				BUNDLE_LOADER = "$(TEST_HOST)";
				CODE_SIGN_STYLE = Automatic;
				DEVELOPMENT_TEAM = NG839A3MPC;
				INFOPLIST_FILE = Hackwich1Tests/Info.plist;
				LD_RUNPATH_SEARCH_PATHS = (
					"$(inherited)",
					"@executable_path/Frameworks",
					"@loader_path/Frameworks",
				);
				PRODUCT_BUNDLE_IDENTIFIER = UHWO.Hackwich1Tests;
				PRODUCT_NAME = "$(TARGET_NAME)";
				SWIFT_VERSION = 4.2;
				TARGETED_DEVICE_FAMILY = "1,2";
				TEST_HOST = "$(BUILT_PRODUCTS_DIR)/Hackwich1.app/Hackwich1";
			};
			name = Debug;
		};
		9DDCC68021E7E006004FAEC9 /* Release */ = {
			isa = XCBuildConfiguration;
			buildSettings = {
				ALWAYS_EMBED_SWIFT_STANDARD_LIBRARIES = YES;
				BUNDLE_LOADER = "$(TEST_HOST)";
				CODE_SIGN_STYLE = Automatic;
				DEVELOPMENT_TEAM = NG839A3MPC;
				INFOPLIST_FILE = Hackwich1Tests/Info.plist;
				LD_RUNPATH_SEARCH_PATHS = (
					"$(inherited)",
					"@executable_path/Frameworks",
					"@loader_path/Frameworks",
				);
				PRODUCT_BUNDLE_IDENTIFIER = UHWO.Hackwich1Tests;
				PRODUCT_NAME = "$(TARGET_NAME)";
				SWIFT_VERSION = 4.2;
				TARGETED_DEVICE_FAMILY = "1,2";
				TEST_HOST = "$(BUILT_PRODUCTS_DIR)/Hackwich1.app/Hackwich1";
			};
			name = Release;
		};
/* End XCBuildConfiguration section */

/* Begin XCConfigurationList section */
		9DDCC65921E7E005004FAEC9 /* Build configuration list for PBXProject "Hackwich1" */ = {
			isa = XCConfigurationList;
			buildConfigurations = (
				9DDCC67921E7E006004FAEC9 /* Debug */,
				9DDCC67A21E7E006004FAEC9 /* Release */,
			);
			defaultConfigurationIsVisible = 0;
			defaultConfigurationName = Release;
		};
		9DDCC67B21E7E006004FAEC9 /* Build configuration list for PBXNativeTarget "Hackwich1" */ = {
			isa = XCConfigurationList;
			buildConfigurations = (
				9DDCC67C21E7E006004FAEC9 /* Debug */,
				9DDCC67D21E7E006004FAEC9 /* Release */,
			);
			defaultConfigurationIsVisible = 0;
			defaultConfigurationName = Release;
		};
		9DDCC67E21E7E006004FAEC9 /* Build configuration list for PBXNativeTarget "Hackwich1Tests" */ = {
			isa = XCConfigurationList;
			buildConfigurations = (
				9DDCC67F21E7E006004FAEC9 /* Debug */,
				9DDCC68021E7E006004FAEC9 /* Release */,
			);
			defaultConfigurationIsVisible = 0;
			defaultConfigurationName = Release;
		};
/* End XCConfigurationList section */
	};
	rootObject = 9DDCC65621E7E005004FAEC9 /* Project object */;
}
